
Microsoft Visual Studio Solution File, Format Version 12.00
# Visual Studio Version 17
VisualStudioVersion = 17.0.31903.59
MinimumVisualStudioVersion = 10.0.40219.1
Project("{FAE04EC0-301F-11D3-BF4B-00C04F79EFBC}") = "ges_dette", "ges_dette\ges_dette.csproj", "{24891330-9CCD-4A91-80AA-511B29E43C2C}"
EndProject
Global
	GlobalSection(SolutionConfigurationPlatforms) = preSolution
		Debug|Any CPU = Debug|Any CPU
		Release|Any CPU = Release|Any CPU
	EndGlobalSection
	GlobalSection(SolutionProperties) = preSolution
		HideSolutionNode = FALSE
	EndGlobalSection
	GlobalSection(ProjectConfigurationPlatforms) = postSolution
		{24891330-9CCD-4A91-80AA-511B29E43C2C}.Debug|Any CPU.ActiveCfg = Debug|Any CPU
		{24891330-9CCD-4A91-80AA-511B29E43C2C}.Debug|Any CPU.Build.0 = Debug|Any CPU
		{24891330-9CCD-4A91-80AA-511B29E43C2C}.Release|Any CPU.ActiveCfg = Release|Any CPU
		{24891330-9CCD-4A91-80AA-511B29E43C2C}.Release|Any CPU.Build.0 = Release|Any CPU
	EndGlobalSection
EndGlobal
